
Microsoft Visual Studio Solution File, Format Version 12.00
# Visual Studio 15
Project("{FAE04EC0-301F-11D3-BF4B-00C04F79EFBC}") = "Assembly-CSharp", "Assembly-CSharp.csproj", "{B02C9535-55B6-BCA6-889F-D5A2B10FE381}"
EndProject
Project("{FAE04EC0-301F-11D3-BF4B-00C04F79EFBC}") = "Assembly-CSharp-Editor", "Assembly-CSharp-Editor.csproj", "{7D4543B0-5FB0-7700-3336-5F0C2FCC1AFB}"
EndProject
Global
	GlobalSection(SolutionConfigurationPlatforms) = preSolution
		Debug|Any CPU = Debug|Any CPU
		Release|Any CPU = Release|Any CPU
	EndGlobalSection
	GlobalSection(ProjectConfigurationPlatforms) = postSolution
		{B02C9535-55B6-BCA6-889F-D5A2B10FE381}.Debug|Any CPU.ActiveCfg = Debug|Any CPU
		{B02C9535-55B6-BCA6-889F-D5A2B10FE381}.Debug|Any CPU.Build.0 = Debug|Any CPU
		{B02C9535-55B6-BCA6-889F-D5A2B10FE381}.Release|Any CPU.ActiveCfg = Release|Any CPU
		{B02C9535-55B6-BCA6-889F-D5A2B10FE381}.Release|Any CPU.Build.0 = Release|Any CPU
		{7D4543B0-5FB0-7700-3336-5F0C2FCC1AFB}.Debug|Any CPU.ActiveCfg = Debug|Any CPU
		{7D4543B0-5FB0-7700-3336-5F0C2FCC1AFB}.Debug|Any CPU.Build.0 = Debug|Any CPU
		{7D4543B0-5FB0-7700-3336-5F0C2FCC1AFB}.Release|Any CPU.ActiveCfg = Release|Any CPU
		{7D4543B0-5FB0-7700-3336-5F0C2FCC1AFB}.Release|Any CPU.Build.0 = Release|Any CPU
	EndGlobalSection
	GlobalSection(SolutionProperties) = preSolution
		HideSolutionNode = FALSE
	EndGlobalSection
EndGlobal
